
Microsoft Visual Studio Solution File, Format Version 12.00
# Visual Studio Version 17
VisualStudioVersion = 17.7.34024.191
MinimumVisualStudioVersion = 10.0.40219.1
Project("{FAE04EC0-301F-11D3-BF4B-00C04F79EFBC}") = "ConfigManager", "ConfigManager\ConfigManager.csproj", "{2E74AD24-DA69-4095-9717-1541E738635A}"
EndProject
Global
	GlobalSection(SolutionConfigurationPlatforms) = preSolution
		Debug|Any CPU = Debug|Any CPU
		Release|Any CPU = Release|Any CPU
	EndGlobalSection
	GlobalSection(ProjectConfigurationPlatforms) = postSolution
		{2E74AD24-DA69-4095-9717-1541E738635A}.Debug|Any CPU.ActiveCfg = Debug|Any CPU
		{2E74AD24-DA69-4095-9717-1541E738635A}.Debug|Any CPU.Build.0 = Debug|Any CPU
		{2E74AD24-DA69-4095-9717-1541E738635A}.Release|Any CPU.ActiveCfg = Release|Any CPU
		{2E74AD24-DA69-4095-9717-1541E738635A}.Release|Any CPU.Build.0 = Release|Any CPU
	EndGlobalSection
	GlobalSection(SolutionProperties) = preSolution
		HideSolutionNode = FALSE
	EndGlobalSection
	GlobalSection(ExtensibilityGlobals) = postSolution
		SolutionGuid = {68C99756-B30B-4112-AED3-E65DE9148108}
	EndGlobalSection
EndGlobal
